
Microsoft Visual Studio Solution File, Format Version 12.00
# Visual Studio Version 17
VisualStudioVersion = 17.6.33829.357
MinimumVisualStudioVersion = 10.0.40219.1
Project("{FAE04EC0-301F-11D3-BF4B-00C04F79EFBC}") = "Notes", "Notes\Notes.csproj", "{4D2FD268-F0B8-4136-AA1A-354B8E92DF91}"
EndProject
Global
	GlobalSection(SolutionConfigurationPlatforms) = preSolution
		Debug|Any CPU = Debug|Any CPU
		Release|Any CPU = Release|Any CPU
	EndGlobalSection
	GlobalSection(ProjectConfigurationPlatforms) = postSolution
		{4D2FD268-F0B8-4136-AA1A-354B8E92DF91}.Debug|Any CPU.ActiveCfg = Debug|Any CPU
		{4D2FD268-F0B8-4136-AA1A-354B8E92DF91}.Debug|Any CPU.Build.0 = Debug|Any CPU
		{4D2FD268-F0B8-4136-AA1A-354B8E92DF91}.Release|Any CPU.ActiveCfg = Release|Any CPU
		{4D2FD268-F0B8-4136-AA1A-354B8E92DF91}.Release|Any CPU.Build.0 = Release|Any CPU
	EndGlobalSection
	GlobalSection(SolutionProperties) = preSolution
		HideSolutionNode = FALSE
	EndGlobalSection
	GlobalSection(ExtensibilityGlobals) = postSolution
		SolutionGuid = {6E35849D-55A8-4271-A97C-79B3A9DCCE58}
	EndGlobalSection
EndGlobal
